
Microsoft Visual Studio Solution File, Format Version 12.00
# Visual Studio Version 17
VisualStudioVersion = 17.6.33815.320
MinimumVisualStudioVersion = 10.0.40219.1
Project("{9A19103F-16F7-4668-BE54-9A1E7A4F7556}") = "Models", "Models\Models.csproj", "{80736B8D-C142-4757-B80E-FBA69C89FA29}"
EndProject
Project("{9A19103F-16F7-4668-BE54-9A1E7A4F7556}") = "AppRepository", "AppRepository\AppRepository.csproj", "{8221B6E0-8656-49B0-ABE4-4E3ADB337FBE}"
EndProject
Project("{9A19103F-16F7-4668-BE54-9A1E7A4F7556}") = "WebAppMVC", "WebAppMVC\WebAppMVC.csproj", "{9C8D033B-12CF-4BD2-A268-6A6A9DE21F70}"
EndProject
Global
	GlobalSection(SolutionConfigurationPlatforms) = preSolution
		Debug|Any CPU = Debug|Any CPU
		Release|Any CPU = Release|Any CPU
	EndGlobalSection
	GlobalSection(ProjectConfigurationPlatforms) = postSolution
		{80736B8D-C142-4757-B80E-FBA69C89FA29}.Debug|Any CPU.ActiveCfg = Debug|Any CPU
		{80736B8D-C142-4757-B80E-FBA69C89FA29}.Debug|Any CPU.Build.0 = Debug|Any CPU
		{80736B8D-C142-4757-B80E-FBA69C89FA29}.Release|Any CPU.ActiveCfg = Release|Any CPU
		{80736B8D-C142-4757-B80E-FBA69C89FA29}.Release|Any CPU.Build.0 = Release|Any CPU
		{8221B6E0-8656-49B0-ABE4-4E3ADB337FBE}.Debug|Any CPU.ActiveCfg = Debug|Any CPU
		{8221B6E0-8656-49B0-ABE4-4E3ADB337FBE}.Debug|Any CPU.Build.0 = Debug|Any CPU
		{8221B6E0-8656-49B0-ABE4-4E3ADB337FBE}.Release|Any CPU.ActiveCfg = Release|Any CPU
		{8221B6E0-8656-49B0-ABE4-4E3ADB337FBE}.Release|Any CPU.Build.0 = Release|Any CPU
		{9C8D033B-12CF-4BD2-A268-6A6A9DE21F70}.Debug|Any CPU.ActiveCfg = Debug|Any CPU
		{9C8D033B-12CF-4BD2-A268-6A6A9DE21F70}.Debug|Any CPU.Build.0 = Debug|Any CPU
		{9C8D033B-12CF-4BD2-A268-6A6A9DE21F70}.Release|Any CPU.ActiveCfg = Release|Any CPU
		{9C8D033B-12CF-4BD2-A268-6A6A9DE21F70}.Release|Any CPU.Build.0 = Release|Any CPU
	EndGlobalSection
	GlobalSection(SolutionProperties) = preSolution
		HideSolutionNode = FALSE
	EndGlobalSection
	GlobalSection(ExtensibilityGlobals) = postSolution
		SolutionGuid = {ED38084E-4D17-4041-99B7-20732AB0E1E6}
	EndGlobalSection
EndGlobal
